
Microsoft Visual Studio Solution File, Format Version 12.00
# Visual Studio Version 16
VisualStudioVersion = 16.0.30523.141
MinimumVisualStudioVersion = 10.0.40219.1
Project("{2150E333-8FDC-42A3-9474-1A3956D46DE8}") = "Easy", "Easy", "{5FC413F3-F2E1-45BE-8926-AB08F00B955B}"
EndProject
Project("{2150E333-8FDC-42A3-9474-1A3956D46DE8}") = "Medium", "Medium", "{0909F31C-D792-45B8-A1EF-ADC849C04486}"
EndProject
Project("{2150E333-8FDC-42A3-9474-1A3956D46DE8}") = "Hard", "Hard", "{024C2F7A-C56B-4BF7-820A-305796DDF7BA}"
EndProject
Project("{FAE04EC0-301F-11D3-BF4B-00C04F79EFBC}") = "Two Sum", "Easy\Two Sum\Two Sum.csproj", "{E8BD5E48-E479-49A3-AB41-F93F0D40823A}"
EndProject
Project("{FAE04EC0-301F-11D3-BF4B-00C04F79EFBC}") = "Reverse Integer", "Easy\Reverse Integer\Reverse Integer.csproj", "{FEBDAE17-3927-484D-802A-6EA70B89B2F2}"
EndProject
Project("{FAE04EC0-301F-11D3-BF4B-00C04F79EFBC}") = "Roman To Integer", "Easy\RomanToInt\Roman To Integer.csproj", "{16EE5ECD-E32D-4693-9D26-C4BAC6FC21D7}"
EndProject
Project("{FAE04EC0-301F-11D3-BF4B-00C04F79EFBC}") = "Palindrome Number", "Easy\Palindrome Number\Palindrome Number.csproj", "{86622BC0-1A12-4C03-8DCB-2DC05D24ADD7}"
EndProject
Project("{FAE04EC0-301F-11D3-BF4B-00C04F79EFBC}") = "Longest Common Prefix", "Easy\Longest Common Prefix\Longest Common Prefix.csproj", "{BD06DF49-5EA6-412D-9353-59056FBBBA2D}"
EndProject
Global
	GlobalSection(SolutionConfigurationPlatforms) = preSolution
		Debug|Any CPU = Debug|Any CPU
		Release|Any CPU = Release|Any CPU
	EndGlobalSection
	GlobalSection(ProjectConfigurationPlatforms) = postSolution
		{E8BD5E48-E479-49A3-AB41-F93F0D40823A}.Debug|Any CPU.ActiveCfg = Debug|Any CPU
		{E8BD5E48-E479-49A3-AB41-F93F0D40823A}.Debug|Any CPU.Build.0 = Debug|Any CPU
		{E8BD5E48-E479-49A3-AB41-F93F0D40823A}.Release|Any CPU.ActiveCfg = Release|Any CPU
		{E8BD5E48-E479-49A3-AB41-F93F0D40823A}.Release|Any CPU.Build.0 = Release|Any CPU
		{FEBDAE17-3927-484D-802A-6EA70B89B2F2}.Debug|Any CPU.ActiveCfg = Debug|Any CPU
		{FEBDAE17-3927-484D-802A-6EA70B89B2F2}.Debug|Any CPU.Build.0 = Debug|Any CPU
		{FEBDAE17-3927-484D-802A-6EA70B89B2F2}.Release|Any CPU.ActiveCfg = Release|Any CPU
		{FEBDAE17-3927-484D-802A-6EA70B89B2F2}.Release|Any CPU.Build.0 = Release|Any CPU
		{16EE5ECD-E32D-4693-9D26-C4BAC6FC21D7}.Debug|Any CPU.ActiveCfg = Debug|Any CPU
		{16EE5ECD-E32D-4693-9D26-C4BAC6FC21D7}.Debug|Any CPU.Build.0 = Debug|Any CPU
		{16EE5ECD-E32D-4693-9D26-C4BAC6FC21D7}.Release|Any CPU.ActiveCfg = Release|Any CPU
		{16EE5ECD-E32D-4693-9D26-C4BAC6FC21D7}.Release|Any CPU.Build.0 = Release|Any CPU
		{86622BC0-1A12-4C03-8DCB-2DC05D24ADD7}.Debug|Any CPU.ActiveCfg = Debug|Any CPU
		{86622BC0-1A12-4C03-8DCB-2DC05D24ADD7}.Debug|Any CPU.Build.0 = Debug|Any CPU
		{86622BC0-1A12-4C03-8DCB-2DC05D24ADD7}.Release|Any CPU.ActiveCfg = Release|Any CPU
		{86622BC0-1A12-4C03-8DCB-2DC05D24ADD7}.Release|Any CPU.Build.0 = Release|Any CPU
		{BD06DF49-5EA6-412D-9353-59056FBBBA2D}.Debug|Any CPU.ActiveCfg = Debug|Any CPU
		{BD06DF49-5EA6-412D-9353-59056FBBBA2D}.Debug|Any CPU.Build.0 = Debug|Any CPU
		{BD06DF49-5EA6-412D-9353-59056FBBBA2D}.Release|Any CPU.ActiveCfg = Release|Any CPU
		{BD06DF49-5EA6-412D-9353-59056FBBBA2D}.Release|Any CPU.Build.0 = Release|Any CPU
	EndGlobalSection
	GlobalSection(SolutionProperties) = preSolution
		HideSolutionNode = FALSE
	EndGlobalSection
	GlobalSection(NestedProjects) = preSolution
		{E8BD5E48-E479-49A3-AB41-F93F0D40823A} = {5FC413F3-F2E1-45BE-8926-AB08F00B955B}
		{FEBDAE17-3927-484D-802A-6EA70B89B2F2} = {5FC413F3-F2E1-45BE-8926-AB08F00B955B}
		{16EE5ECD-E32D-4693-9D26-C4BAC6FC21D7} = {5FC413F3-F2E1-45BE-8926-AB08F00B955B}
		{86622BC0-1A12-4C03-8DCB-2DC05D24ADD7} = {5FC413F3-F2E1-45BE-8926-AB08F00B955B}
		{BD06DF49-5EA6-412D-9353-59056FBBBA2D} = {5FC413F3-F2E1-45BE-8926-AB08F00B955B}
	EndGlobalSection
	GlobalSection(ExtensibilityGlobals) = postSolution
		SolutionGuid = {0A541FC7-2D9A-4597-8F22-CCF02A07F798}
	EndGlobalSection
EndGlobal
