
Microsoft Visual Studio Solution File, Format Version 12.00
# Visual Studio Version 17
VisualStudioVersion = 17.0.32112.339
MinimumVisualStudioVersion = 10.0.40219.1
Project("{2150E333-8FDC-42A3-9474-1A3956D46DE8}") = "Easy", "Easy", "{5FC413F3-F2E1-45BE-8926-AB08F00B955B}"
EndProject
Project("{2150E333-8FDC-42A3-9474-1A3956D46DE8}") = "Medium", "Medium", "{0909F31C-D792-45B8-A1EF-ADC849C04486}"
EndProject
Project("{2150E333-8FDC-42A3-9474-1A3956D46DE8}") = "Hard", "Hard", "{024C2F7A-C56B-4BF7-820A-305796DDF7BA}"
EndProject
Project("{FAE04EC0-301F-11D3-BF4B-00C04F79EFBC}") = "TwoSum", "Easy\Two Sum\TwoSum.csproj", "{E8BD5E48-E479-49A3-AB41-F93F0D40823A}"
EndProject
Project("{FAE04EC0-301F-11D3-BF4B-00C04F79EFBC}") = "ReverseInteger", "Easy\Reverse Integer\ReverseInteger.csproj", "{FEBDAE17-3927-484D-802A-6EA70B89B2F2}"
EndProject
Project("{FAE04EC0-301F-11D3-BF4B-00C04F79EFBC}") = "RomanToInteger", "Easy\RomanToInt\RomanToInteger.csproj", "{16EE5ECD-E32D-4693-9D26-C4BAC6FC21D7}"
EndProject
Project("{FAE04EC0-301F-11D3-BF4B-00C04F79EFBC}") = "PalindromeNumber", "Easy\Palindrome Number\PalindromeNumber.csproj", "{86622BC0-1A12-4C03-8DCB-2DC05D24ADD7}"
EndProject
Project("{FAE04EC0-301F-11D3-BF4B-00C04F79EFBC}") = "LongestCommonPrefix", "Easy\Longest Common Prefix\LongestCommonPrefix.csproj", "{BD06DF49-5EA6-412D-9353-59056FBBBA2D}"
EndProject
Project("{FAE04EC0-301F-11D3-BF4B-00C04F79EFBC}") = "ValidParentheses", "Easy\Valid Parentheses\ValidParentheses.csproj", "{2E18DC0F-2B44-4D93-B469-D9BBD6BDE733}"
EndProject
Project("{FAE04EC0-301F-11D3-BF4B-00C04F79EFBC}") = "MergeTwoSortedLinkedList", "Easy\Merge Two Sorted Linked List\MergeTwoSortedLinkedList.csproj", "{52852EFC-367F-4FE9-B0D7-A7038903FAD0}"
EndProject
Project("{FAE04EC0-301F-11D3-BF4B-00C04F79EFBC}") = "RemoveDuplicatesFromSortedArray", "Easy\Remove Duplicates From Sorted Array\RemoveDuplicatesFromSortedArray.csproj", "{560CEFEF-BFB1-481F-B208-62136077ADC3}"
EndProject
Project("{FAE04EC0-301F-11D3-BF4B-00C04F79EFBC}") = "RemoveElement", "Easy\RemoveElement\RemoveElement.csproj", "{D2E2DC49-9C94-43D5-B20F-456E22637F10}"
EndProject
Project("{FAE04EC0-301F-11D3-BF4B-00C04F79EFBC}") = "ImplementStrStr", "Easy\ImplementStrStr\ImplementStrStr.csproj", "{29A6D6FC-54D0-4863-9115-4AE06CBC8241}"
EndProject
Project("{2150E333-8FDC-42A3-9474-1A3956D46DE8}") = "Others", "Others", "{92FCFB59-DE13-466D-9AF3-D27059A5F22E}"
EndProject
Project("{FAE04EC0-301F-11D3-BF4B-00C04F79EFBC}") = "AddTwoNumbers", "Medium\AddTwoNumbers\AddTwoNumbers.csproj", "{34F17569-32BF-4B46-830E-8A9CD009F986}"
EndProject
Project("{FAE04EC0-301F-11D3-BF4B-00C04F79EFBC}") = "LongestSubstringWithoutRepeatingCharacters", "Medium\LongestSubstringWithoutRepeatingCharacters\LongestSubstringWithoutRepeatingCharacters.csproj", "{79211E2A-F58B-4AFC-A49C-AB8A109E8FA2}"
EndProject
Project("{FAE04EC0-301F-11D3-BF4B-00C04F79EFBC}") = "BasicLinkedList", "Others\BasicLinkedList\BasicLinkedList.csproj", "{C768EFDA-BB89-4FD8-A810-335ECB2853EC}"
EndProject
Project("{FAE04EC0-301F-11D3-BF4B-00C04F79EFBC}") = "BinarySearch", "Others\BinarySearch\BinarySearch.csproj", "{926DE53A-FDBA-47DD-8DD6-559B228E30FA}"
EndProject
Project("{FAE04EC0-301F-11D3-BF4B-00C04F79EFBC}") = "SearchInsertPosition", "Easy\SearchInsertPosition\SearchInsertPosition.csproj", "{09D3B6AE-6D1C-41F3-9FEC-015D4D0848A5}"
EndProject
Project("{FAE04EC0-301F-11D3-BF4B-00C04F79EFBC}") = "MaximumSubarray", "Easy\MaximumSubarray\MaximumSubarray.csproj", "{3631291C-1014-4383-B4CE-57ADD0B3D152}"
EndProject
Project("{FAE04EC0-301F-11D3-BF4B-00C04F79EFBC}") = "SquareRoot", "Others\SquareRoot\SquareRoot.csproj", "{73F89BC1-CAAA-4EEC-94B5-B81221F32767}"
EndProject
Project("{FAE04EC0-301F-11D3-BF4B-00C04F79EFBC}") = "LengthofLastWord", "Easy\LengthofLastWord\LengthofLastWord.csproj", "{A71D9635-E403-451A-917C-3266902CB7DD}"
EndProject
Project("{FAE04EC0-301F-11D3-BF4B-00C04F79EFBC}") = "MedianOfTwoSortedArrays", "Hard\MedianOfTwoSortedArrays\MedianOfTwoSortedArrays.csproj", "{10802844-7E1B-4041-814C-D064E23399FB}"
EndProject
Project("{FAE04EC0-301F-11D3-BF4B-00C04F79EFBC}") = "MergekSortedLists", "Hard\MergekSortedLists\MergekSortedLists.csproj", "{F1F76DC8-091B-49E0-800F-B978714EAFF9}"
EndProject
Project("{FAE04EC0-301F-11D3-BF4B-00C04F79EFBC}") = "PlusOne", "Easy\PlusOne\PlusOne.csproj", "{EAF4DDBC-D800-4A79-ABA5-05BBFF77B12E}"
EndProject
Global
	GlobalSection(SolutionConfigurationPlatforms) = preSolution
		Debug|Any CPU = Debug|Any CPU
		Release|Any CPU = Release|Any CPU
	EndGlobalSection
	GlobalSection(ProjectConfigurationPlatforms) = postSolution
		{E8BD5E48-E479-49A3-AB41-F93F0D40823A}.Debug|Any CPU.ActiveCfg = Debug|Any CPU
		{E8BD5E48-E479-49A3-AB41-F93F0D40823A}.Debug|Any CPU.Build.0 = Debug|Any CPU
		{E8BD5E48-E479-49A3-AB41-F93F0D40823A}.Release|Any CPU.ActiveCfg = Release|Any CPU
		{E8BD5E48-E479-49A3-AB41-F93F0D40823A}.Release|Any CPU.Build.0 = Release|Any CPU
		{FEBDAE17-3927-484D-802A-6EA70B89B2F2}.Debug|Any CPU.ActiveCfg = Debug|Any CPU
		{FEBDAE17-3927-484D-802A-6EA70B89B2F2}.Debug|Any CPU.Build.0 = Debug|Any CPU
		{FEBDAE17-3927-484D-802A-6EA70B89B2F2}.Release|Any CPU.ActiveCfg = Release|Any CPU
		{FEBDAE17-3927-484D-802A-6EA70B89B2F2}.Release|Any CPU.Build.0 = Release|Any CPU
		{16EE5ECD-E32D-4693-9D26-C4BAC6FC21D7}.Debug|Any CPU.ActiveCfg = Debug|Any CPU
		{16EE5ECD-E32D-4693-9D26-C4BAC6FC21D7}.Debug|Any CPU.Build.0 = Debug|Any CPU
		{16EE5ECD-E32D-4693-9D26-C4BAC6FC21D7}.Release|Any CPU.ActiveCfg = Release|Any CPU
		{16EE5ECD-E32D-4693-9D26-C4BAC6FC21D7}.Release|Any CPU.Build.0 = Release|Any CPU
		{86622BC0-1A12-4C03-8DCB-2DC05D24ADD7}.Debug|Any CPU.ActiveCfg = Debug|Any CPU
		{86622BC0-1A12-4C03-8DCB-2DC05D24ADD7}.Debug|Any CPU.Build.0 = Debug|Any CPU
		{86622BC0-1A12-4C03-8DCB-2DC05D24ADD7}.Release|Any CPU.ActiveCfg = Release|Any CPU
		{86622BC0-1A12-4C03-8DCB-2DC05D24ADD7}.Release|Any CPU.Build.0 = Release|Any CPU
		{BD06DF49-5EA6-412D-9353-59056FBBBA2D}.Debug|Any CPU.ActiveCfg = Debug|Any CPU
		{BD06DF49-5EA6-412D-9353-59056FBBBA2D}.Debug|Any CPU.Build.0 = Debug|Any CPU
		{BD06DF49-5EA6-412D-9353-59056FBBBA2D}.Release|Any CPU.ActiveCfg = Release|Any CPU
		{BD06DF49-5EA6-412D-9353-59056FBBBA2D}.Release|Any CPU.Build.0 = Release|Any CPU
		{2E18DC0F-2B44-4D93-B469-D9BBD6BDE733}.Debug|Any CPU.ActiveCfg = Debug|Any CPU
		{2E18DC0F-2B44-4D93-B469-D9BBD6BDE733}.Debug|Any CPU.Build.0 = Debug|Any CPU
		{2E18DC0F-2B44-4D93-B469-D9BBD6BDE733}.Release|Any CPU.ActiveCfg = Release|Any CPU
		{2E18DC0F-2B44-4D93-B469-D9BBD6BDE733}.Release|Any CPU.Build.0 = Release|Any CPU
		{52852EFC-367F-4FE9-B0D7-A7038903FAD0}.Debug|Any CPU.ActiveCfg = Debug|Any CPU
		{52852EFC-367F-4FE9-B0D7-A7038903FAD0}.Debug|Any CPU.Build.0 = Debug|Any CPU
		{52852EFC-367F-4FE9-B0D7-A7038903FAD0}.Release|Any CPU.ActiveCfg = Release|Any CPU
		{52852EFC-367F-4FE9-B0D7-A7038903FAD0}.Release|Any CPU.Build.0 = Release|Any CPU
		{560CEFEF-BFB1-481F-B208-62136077ADC3}.Debug|Any CPU.ActiveCfg = Debug|Any CPU
		{560CEFEF-BFB1-481F-B208-62136077ADC3}.Debug|Any CPU.Build.0 = Debug|Any CPU
		{560CEFEF-BFB1-481F-B208-62136077ADC3}.Release|Any CPU.ActiveCfg = Release|Any CPU
		{560CEFEF-BFB1-481F-B208-62136077ADC3}.Release|Any CPU.Build.0 = Release|Any CPU
		{D2E2DC49-9C94-43D5-B20F-456E22637F10}.Debug|Any CPU.ActiveCfg = Debug|Any CPU
		{D2E2DC49-9C94-43D5-B20F-456E22637F10}.Debug|Any CPU.Build.0 = Debug|Any CPU
		{D2E2DC49-9C94-43D5-B20F-456E22637F10}.Release|Any CPU.ActiveCfg = Release|Any CPU
		{D2E2DC49-9C94-43D5-B20F-456E22637F10}.Release|Any CPU.Build.0 = Release|Any CPU
		{29A6D6FC-54D0-4863-9115-4AE06CBC8241}.Debug|Any CPU.ActiveCfg = Debug|Any CPU
		{29A6D6FC-54D0-4863-9115-4AE06CBC8241}.Debug|Any CPU.Build.0 = Debug|Any CPU
		{29A6D6FC-54D0-4863-9115-4AE06CBC8241}.Release|Any CPU.ActiveCfg = Release|Any CPU
		{29A6D6FC-54D0-4863-9115-4AE06CBC8241}.Release|Any CPU.Build.0 = Release|Any CPU
		{34F17569-32BF-4B46-830E-8A9CD009F986}.Debug|Any CPU.ActiveCfg = Debug|Any CPU
		{34F17569-32BF-4B46-830E-8A9CD009F986}.Debug|Any CPU.Build.0 = Debug|Any CPU
		{34F17569-32BF-4B46-830E-8A9CD009F986}.Release|Any CPU.ActiveCfg = Release|Any CPU
		{34F17569-32BF-4B46-830E-8A9CD009F986}.Release|Any CPU.Build.0 = Release|Any CPU
		{79211E2A-F58B-4AFC-A49C-AB8A109E8FA2}.Debug|Any CPU.ActiveCfg = Debug|Any CPU
		{79211E2A-F58B-4AFC-A49C-AB8A109E8FA2}.Debug|Any CPU.Build.0 = Debug|Any CPU
		{79211E2A-F58B-4AFC-A49C-AB8A109E8FA2}.Release|Any CPU.ActiveCfg = Release|Any CPU
		{79211E2A-F58B-4AFC-A49C-AB8A109E8FA2}.Release|Any CPU.Build.0 = Release|Any CPU
		{C768EFDA-BB89-4FD8-A810-335ECB2853EC}.Debug|Any CPU.ActiveCfg = Debug|Any CPU
		{C768EFDA-BB89-4FD8-A810-335ECB2853EC}.Debug|Any CPU.Build.0 = Debug|Any CPU
		{C768EFDA-BB89-4FD8-A810-335ECB2853EC}.Release|Any CPU.ActiveCfg = Release|Any CPU
		{C768EFDA-BB89-4FD8-A810-335ECB2853EC}.Release|Any CPU.Build.0 = Release|Any CPU
		{926DE53A-FDBA-47DD-8DD6-559B228E30FA}.Debug|Any CPU.ActiveCfg = Debug|Any CPU
		{926DE53A-FDBA-47DD-8DD6-559B228E30FA}.Debug|Any CPU.Build.0 = Debug|Any CPU
		{926DE53A-FDBA-47DD-8DD6-559B228E30FA}.Release|Any CPU.ActiveCfg = Release|Any CPU
		{926DE53A-FDBA-47DD-8DD6-559B228E30FA}.Release|Any CPU.Build.0 = Release|Any CPU
		{09D3B6AE-6D1C-41F3-9FEC-015D4D0848A5}.Debug|Any CPU.ActiveCfg = Debug|Any CPU
		{09D3B6AE-6D1C-41F3-9FEC-015D4D0848A5}.Debug|Any CPU.Build.0 = Debug|Any CPU
		{09D3B6AE-6D1C-41F3-9FEC-015D4D0848A5}.Release|Any CPU.ActiveCfg = Release|Any CPU
		{09D3B6AE-6D1C-41F3-9FEC-015D4D0848A5}.Release|Any CPU.Build.0 = Release|Any CPU
		{3631291C-1014-4383-B4CE-57ADD0B3D152}.Debug|Any CPU.ActiveCfg = Debug|Any CPU
		{3631291C-1014-4383-B4CE-57ADD0B3D152}.Debug|Any CPU.Build.0 = Debug|Any CPU
		{3631291C-1014-4383-B4CE-57ADD0B3D152}.Release|Any CPU.ActiveCfg = Release|Any CPU
		{3631291C-1014-4383-B4CE-57ADD0B3D152}.Release|Any CPU.Build.0 = Release|Any CPU
		{73F89BC1-CAAA-4EEC-94B5-B81221F32767}.Debug|Any CPU.ActiveCfg = Debug|Any CPU
		{73F89BC1-CAAA-4EEC-94B5-B81221F32767}.Debug|Any CPU.Build.0 = Debug|Any CPU
		{73F89BC1-CAAA-4EEC-94B5-B81221F32767}.Release|Any CPU.ActiveCfg = Release|Any CPU
		{73F89BC1-CAAA-4EEC-94B5-B81221F32767}.Release|Any CPU.Build.0 = Release|Any CPU
		{A71D9635-E403-451A-917C-3266902CB7DD}.Debug|Any CPU.ActiveCfg = Debug|Any CPU
		{A71D9635-E403-451A-917C-3266902CB7DD}.Debug|Any CPU.Build.0 = Debug|Any CPU
		{A71D9635-E403-451A-917C-3266902CB7DD}.Release|Any CPU.ActiveCfg = Release|Any CPU
		{A71D9635-E403-451A-917C-3266902CB7DD}.Release|Any CPU.Build.0 = Release|Any CPU
		{10802844-7E1B-4041-814C-D064E23399FB}.Debug|Any CPU.ActiveCfg = Debug|Any CPU
		{10802844-7E1B-4041-814C-D064E23399FB}.Debug|Any CPU.Build.0 = Debug|Any CPU
		{10802844-7E1B-4041-814C-D064E23399FB}.Release|Any CPU.ActiveCfg = Release|Any CPU
		{10802844-7E1B-4041-814C-D064E23399FB}.Release|Any CPU.Build.0 = Release|Any CPU
		{F1F76DC8-091B-49E0-800F-B978714EAFF9}.Debug|Any CPU.ActiveCfg = Debug|Any CPU
		{F1F76DC8-091B-49E0-800F-B978714EAFF9}.Debug|Any CPU.Build.0 = Debug|Any CPU
		{F1F76DC8-091B-49E0-800F-B978714EAFF9}.Release|Any CPU.ActiveCfg = Release|Any CPU
		{F1F76DC8-091B-49E0-800F-B978714EAFF9}.Release|Any CPU.Build.0 = Release|Any CPU
		{9EAB7D12-BE0B-49CF-ACB8-B8D29029BDC0}.Debug|Any CPU.ActiveCfg = Debug|Any CPU
		{9EAB7D12-BE0B-49CF-ACB8-B8D29029BDC0}.Debug|Any CPU.Build.0 = Debug|Any CPU
		{9EAB7D12-BE0B-49CF-ACB8-B8D29029BDC0}.Release|Any CPU.ActiveCfg = Release|Any CPU
		{9EAB7D12-BE0B-49CF-ACB8-B8D29029BDC0}.Release|Any CPU.Build.0 = Release|Any CPU
		{EAF4DDBC-D800-4A79-ABA5-05BBFF77B12E}.Debug|Any CPU.ActiveCfg = Debug|Any CPU
		{EAF4DDBC-D800-4A79-ABA5-05BBFF77B12E}.Debug|Any CPU.Build.0 = Debug|Any CPU
		{EAF4DDBC-D800-4A79-ABA5-05BBFF77B12E}.Release|Any CPU.ActiveCfg = Release|Any CPU
		{EAF4DDBC-D800-4A79-ABA5-05BBFF77B12E}.Release|Any CPU.Build.0 = Release|Any CPU
	EndGlobalSection
	GlobalSection(SolutionProperties) = preSolution
		HideSolutionNode = FALSE
	EndGlobalSection
	GlobalSection(NestedProjects) = preSolution
		{E8BD5E48-E479-49A3-AB41-F93F0D40823A} = {5FC413F3-F2E1-45BE-8926-AB08F00B955B}
		{FEBDAE17-3927-484D-802A-6EA70B89B2F2} = {5FC413F3-F2E1-45BE-8926-AB08F00B955B}
		{16EE5ECD-E32D-4693-9D26-C4BAC6FC21D7} = {5FC413F3-F2E1-45BE-8926-AB08F00B955B}
		{86622BC0-1A12-4C03-8DCB-2DC05D24ADD7} = {5FC413F3-F2E1-45BE-8926-AB08F00B955B}
		{BD06DF49-5EA6-412D-9353-59056FBBBA2D} = {5FC413F3-F2E1-45BE-8926-AB08F00B955B}
		{2E18DC0F-2B44-4D93-B469-D9BBD6BDE733} = {5FC413F3-F2E1-45BE-8926-AB08F00B955B}
		{52852EFC-367F-4FE9-B0D7-A7038903FAD0} = {5FC413F3-F2E1-45BE-8926-AB08F00B955B}
		{560CEFEF-BFB1-481F-B208-62136077ADC3} = {5FC413F3-F2E1-45BE-8926-AB08F00B955B}
		{D2E2DC49-9C94-43D5-B20F-456E22637F10} = {5FC413F3-F2E1-45BE-8926-AB08F00B955B}
		{29A6D6FC-54D0-4863-9115-4AE06CBC8241} = {5FC413F3-F2E1-45BE-8926-AB08F00B955B}
		{34F17569-32BF-4B46-830E-8A9CD009F986} = {0909F31C-D792-45B8-A1EF-ADC849C04486}
		{79211E2A-F58B-4AFC-A49C-AB8A109E8FA2} = {0909F31C-D792-45B8-A1EF-ADC849C04486}
		{C768EFDA-BB89-4FD8-A810-335ECB2853EC} = {92FCFB59-DE13-466D-9AF3-D27059A5F22E}
		{926DE53A-FDBA-47DD-8DD6-559B228E30FA} = {92FCFB59-DE13-466D-9AF3-D27059A5F22E}
		{09D3B6AE-6D1C-41F3-9FEC-015D4D0848A5} = {5FC413F3-F2E1-45BE-8926-AB08F00B955B}
		{3631291C-1014-4383-B4CE-57ADD0B3D152} = {5FC413F3-F2E1-45BE-8926-AB08F00B955B}
		{73F89BC1-CAAA-4EEC-94B5-B81221F32767} = {92FCFB59-DE13-466D-9AF3-D27059A5F22E}
		{A71D9635-E403-451A-917C-3266902CB7DD} = {5FC413F3-F2E1-45BE-8926-AB08F00B955B}
		{10802844-7E1B-4041-814C-D064E23399FB} = {024C2F7A-C56B-4BF7-820A-305796DDF7BA}
		{F1F76DC8-091B-49E0-800F-B978714EAFF9} = {024C2F7A-C56B-4BF7-820A-305796DDF7BA}		
		{EAF4DDBC-D800-4A79-ABA5-05BBFF77B12E} = {5FC413F3-F2E1-45BE-8926-AB08F00B955B}
	EndGlobalSection
	GlobalSection(ExtensibilityGlobals) = postSolution
		SolutionGuid = {0A541FC7-2D9A-4597-8F22-CCF02A07F798}
	EndGlobalSection
EndGlobal
